
Microsoft Visual Studio Solution File, Format Version 12.00
# Visual Studio Version 17
VisualStudioVersion = 17.9.34728.123
MinimumVisualStudioVersion = 10.0.40219.1
Project("{9A19103F-16F7-4668-BE54-9A1E7A4F7556}") = "GameConsole", "Console\GameConsole.csproj", "{F0618676-77E5-4FB2-B5F2-F8C9672C580A}"
EndProject
Project("{9A19103F-16F7-4668-BE54-9A1E7A4F7556}") = "Application", "Application\Application.csproj", "{1250EE42-D365-41A8-BFF1-CED86939F0AE}"
EndProject
Project("{9A19103F-16F7-4668-BE54-9A1E7A4F7556}") = "Domain", "Domain\Domain.csproj", "{A1593FE6-26E3-42E7-B63C-E0390BA4B91A}"
EndProject
Project("{9A19103F-16F7-4668-BE54-9A1E7A4F7556}") = "Application.Test.Unit", "Application.Test.Unit\Application.Test.Unit.csproj", "{527DC07E-AA71-4568-93B3-03354DA49A43}"
EndProject
Project("{FAE04EC0-301F-11D3-BF4B-00C04F79EFBC}") = "Domain.Test.Unit", "Domain.Test\Domain.Test.Unit.csproj", "{2DDDC070-60C7-4298-B46D-92FA14D32F12}"
EndProject
Global
	GlobalSection(SolutionConfigurationPlatforms) = preSolution
		Debug|Any CPU = Debug|Any CPU
		Release|Any CPU = Release|Any CPU
	EndGlobalSection
	GlobalSection(ProjectConfigurationPlatforms) = postSolution
		{F0618676-77E5-4FB2-B5F2-F8C9672C580A}.Debug|Any CPU.ActiveCfg = Debug|Any CPU
		{F0618676-77E5-4FB2-B5F2-F8C9672C580A}.Debug|Any CPU.Build.0 = Debug|Any CPU
		{F0618676-77E5-4FB2-B5F2-F8C9672C580A}.Release|Any CPU.ActiveCfg = Release|Any CPU
		{F0618676-77E5-4FB2-B5F2-F8C9672C580A}.Release|Any CPU.Build.0 = Release|Any CPU
		{1250EE42-D365-41A8-BFF1-CED86939F0AE}.Debug|Any CPU.ActiveCfg = Debug|Any CPU
		{1250EE42-D365-41A8-BFF1-CED86939F0AE}.Debug|Any CPU.Build.0 = Debug|Any CPU
		{1250EE42-D365-41A8-BFF1-CED86939F0AE}.Release|Any CPU.ActiveCfg = Release|Any CPU
		{1250EE42-D365-41A8-BFF1-CED86939F0AE}.Release|Any CPU.Build.0 = Release|Any CPU
		{A1593FE6-26E3-42E7-B63C-E0390BA4B91A}.Debug|Any CPU.ActiveCfg = Debug|Any CPU
		{A1593FE6-26E3-42E7-B63C-E0390BA4B91A}.Debug|Any CPU.Build.0 = Debug|Any CPU
		{A1593FE6-26E3-42E7-B63C-E0390BA4B91A}.Release|Any CPU.ActiveCfg = Release|Any CPU
		{A1593FE6-26E3-42E7-B63C-E0390BA4B91A}.Release|Any CPU.Build.0 = Release|Any CPU
		{527DC07E-AA71-4568-93B3-03354DA49A43}.Debug|Any CPU.ActiveCfg = Debug|Any CPU
		{527DC07E-AA71-4568-93B3-03354DA49A43}.Debug|Any CPU.Build.0 = Debug|Any CPU
		{527DC07E-AA71-4568-93B3-03354DA49A43}.Release|Any CPU.ActiveCfg = Release|Any CPU
		{527DC07E-AA71-4568-93B3-03354DA49A43}.Release|Any CPU.Build.0 = Release|Any CPU
		{2DDDC070-60C7-4298-B46D-92FA14D32F12}.Debug|Any CPU.ActiveCfg = Debug|Any CPU
		{2DDDC070-60C7-4298-B46D-92FA14D32F12}.Debug|Any CPU.Build.0 = Debug|Any CPU
		{2DDDC070-60C7-4298-B46D-92FA14D32F12}.Release|Any CPU.ActiveCfg = Release|Any CPU
		{2DDDC070-60C7-4298-B46D-92FA14D32F12}.Release|Any CPU.Build.0 = Release|Any CPU
	EndGlobalSection
	GlobalSection(SolutionProperties) = preSolution
		HideSolutionNode = FALSE
	EndGlobalSection
	GlobalSection(ExtensibilityGlobals) = postSolution
		SolutionGuid = {99B5BD5D-D299-466E-9C04-A21E48D35663}
	EndGlobalSection
EndGlobal
